
Microsoft Visual Studio Solution File, Format Version 12.00
# Visual Studio Version 17
VisualStudioVersion = 17.4.33122.133
MinimumVisualStudioVersion = 10.0.40219.1
Project("{FAE04EC0-301F-11D3-BF4B-00C04F79EFBC}") = "OOP-Lab 7", "OOP-Lab 7.csproj", "{E302E298-5C6B-4ED4-83C5-AC6994D54647}"
EndProject
Project("{FAE04EC0-301F-11D3-BF4B-00C04F79EFBC}") = "SimpleClassLibrary", "..\SimpleClassLibrary\SimpleClassLibrary.csproj", "{FCD5C8BC-ECE8-4247-81D2-211E7CC68FF7}"
EndProject
Global
	GlobalSection(SolutionConfigurationPlatforms) = preSolution
		Debug|Any CPU = Debug|Any CPU
		Release|Any CPU = Release|Any CPU
	EndGlobalSection
	GlobalSection(ProjectConfigurationPlatforms) = postSolution
		{E302E298-5C6B-4ED4-83C5-AC6994D54647}.Debug|Any CPU.ActiveCfg = Debug|Any CPU
		{E302E298-5C6B-4ED4-83C5-AC6994D54647}.Debug|Any CPU.Build.0 = Debug|Any CPU
		{E302E298-5C6B-4ED4-83C5-AC6994D54647}.Release|Any CPU.ActiveCfg = Release|Any CPU
		{E302E298-5C6B-4ED4-83C5-AC6994D54647}.Release|Any CPU.Build.0 = Release|Any CPU
		{FCD5C8BC-ECE8-4247-81D2-211E7CC68FF7}.Debug|Any CPU.ActiveCfg = Debug|Any CPU
		{FCD5C8BC-ECE8-4247-81D2-211E7CC68FF7}.Debug|Any CPU.Build.0 = Debug|Any CPU
		{FCD5C8BC-ECE8-4247-81D2-211E7CC68FF7}.Release|Any CPU.ActiveCfg = Release|Any CPU
		{FCD5C8BC-ECE8-4247-81D2-211E7CC68FF7}.Release|Any CPU.Build.0 = Release|Any CPU
	EndGlobalSection
	GlobalSection(SolutionProperties) = preSolution
		HideSolutionNode = FALSE
	EndGlobalSection
	GlobalSection(ExtensibilityGlobals) = postSolution
		SolutionGuid = {176F9B1F-16DE-44C6-B6D6-11B87C67DCDD}
	EndGlobalSection
EndGlobal
